
Microsoft Visual Studio Solution File, Format Version 12.00
# Visual Studio Version 17
VisualStudioVersion = 17.4.33020.496
MinimumVisualStudioVersion = 10.0.40219.1
Project("{9A19103F-16F7-4668-BE54-9A1E7A4F7556}") = "Sonksuru", "Sonksuru\Sonksuru.csproj", "{6FCCAC37-9F68-4FEE-93C9-D77776CE25D6}"
EndProject
Global
	GlobalSection(SolutionConfigurationPlatforms) = preSolution
		Debug|Any CPU = Debug|Any CPU
		Release|Any CPU = Release|Any CPU
	EndGlobalSection
	GlobalSection(ProjectConfigurationPlatforms) = postSolution
		{6FCCAC37-9F68-4FEE-93C9-D77776CE25D6}.Debug|Any CPU.ActiveCfg = Debug|Any CPU
		{6FCCAC37-9F68-4FEE-93C9-D77776CE25D6}.Debug|Any CPU.Build.0 = Debug|Any CPU
		{6FCCAC37-9F68-4FEE-93C9-D77776CE25D6}.Release|Any CPU.ActiveCfg = Release|Any CPU
		{6FCCAC37-9F68-4FEE-93C9-D77776CE25D6}.Release|Any CPU.Build.0 = Release|Any CPU
	EndGlobalSection
	GlobalSection(SolutionProperties) = preSolution
		HideSolutionNode = FALSE
	EndGlobalSection
	GlobalSection(ExtensibilityGlobals) = postSolution
		SolutionGuid = {66A2C3A7-B17A-4730-81FC-FE5638DDD243}
	EndGlobalSection
EndGlobal
